
Microsoft Visual Studio Solution File, Format Version 12.00
# Visual Studio Version 16
VisualStudioVersion = 25.0.1703.6
MinimumVisualStudioVersion = 10.0.40219.1
Project("{FAE04EC0-301F-11D3-BF4B-00C04F79EFBC}") = "CodeTest", "CodeTest.csproj", "{1A207AF4-360B-411C-BD64-2D9A4377D037}"
EndProject
Global
	GlobalSection(SolutionConfigurationPlatforms) = preSolution
		Debug|Any CPU = Debug|Any CPU
		Release|Any CPU = Release|Any CPU
	EndGlobalSection
	GlobalSection(ProjectConfigurationPlatforms) = postSolution
		{1A207AF4-360B-411C-BD64-2D9A4377D037}.Debug|Any CPU.ActiveCfg = Debug|Any CPU
		{1A207AF4-360B-411C-BD64-2D9A4377D037}.Debug|Any CPU.Build.0 = Debug|Any CPU
		{1A207AF4-360B-411C-BD64-2D9A4377D037}.Release|Any CPU.ActiveCfg = Release|Any CPU
		{1A207AF4-360B-411C-BD64-2D9A4377D037}.Release|Any CPU.Build.0 = Release|Any CPU
	EndGlobalSection
	GlobalSection(SolutionProperties) = preSolution
		HideSolutionNode = FALSE
	EndGlobalSection
	GlobalSection(ExtensibilityGlobals) = postSolution
		SolutionGuid = {9A917F05-97DA-45DF-B668-EF56AF36DB45}
	EndGlobalSection
EndGlobal
